// !$*UTF8*$!
{
	archiveVersion = 1;
	classes = {
	};
	objectVersion = 50;
	objects = {

/* Begin PBXBuildFile section */
		299D8D78245D62B40008BD8E /* AppDelegate.swift in Sources */ = {isa = PBXBuildFile; fileRef = 299D8D77245D62B40008BD8E /* AppDelegate.swift */; };
		299D8D7A245D62B40008BD8E /* SceneDelegate.swift in Sources */ = {isa = PBXBuildFile; fileRef = 299D8D79245D62B40008BD8E /* SceneDelegate.swift */; };
		299D8D7C245D62B40008BD8E /* ViewController.swift in Sources */ = {isa = PBXBuildFile; fileRef = 299D8D7B245D62B40008BD8E /* ViewController.swift */; };
		299D8D7F245D62B40008BD8E /* Main.storyboard in Resources */ = {isa = PBXBuildFile; fileRef = 299D8D7D245D62B40008BD8E /* Main.storyboard */; };
		299D8D82245D62B40008BD8E /* Time_Workers.xcdatamodeld in Sources */ = {isa = PBXBuildFile; fileRef = 299D8D80245D62B40008BD8E /* Time_Workers.xcdatamodeld */; };
		299D8D84245D62B70008BD8E /* Assets.xcassets in Resources */ = {isa = PBXBuildFile; fileRef = 299D8D83245D62B70008BD8E /* Assets.xcassets */; };
		299D8D87245D62B70008BD8E /* LaunchScreen.storyboard in Resources */ = {isa = PBXBuildFile; fileRef = 299D8D85245D62B70008BD8E /* LaunchScreen.storyboard */; };
		299D8D92245D62B70008BD8E /* Time_WorkersTests.swift in Sources */ = {isa = PBXBuildFile; fileRef = 299D8D91245D62B70008BD8E /* Time_WorkersTests.swift */; };
		299D8D9D245D62B70008BD8E /* Time_WorkersUITests.swift in Sources */ = {isa = PBXBuildFile; fileRef = 299D8D9C245D62B70008BD8E /* Time_WorkersUITests.swift */; };
/* End PBXBuildFile section */

/* Begin PBXContainerItemProxy section */
		299D8D8E245D62B70008BD8E /* PBXContainerItemProxy */ = {
			isa = PBXContainerItemProxy;
			containerPortal = 299D8D6C245D62B40008BD8E /* Project object */;
			proxyType = 1;
			remoteGlobalIDString = 299D8D73245D62B40008BD8E;
			remoteInfo = "Time Workers";
		};
		299D8D99245D62B70008BD8E /* PBXContainerItemProxy */ = {
			isa = PBXContainerItemProxy;
			containerPortal = 299D8D6C245D62B40008BD8E /* Project object */;
			proxyType = 1;
			remoteGlobalIDString = 299D8D73245D62B40008BD8E;
			remoteInfo = "Time Workers";
		};
/* End PBXContainerItemProxy section */

/* Begin PBXFileReference section */
		299D8D74245D62B40008BD8E /* Time Workers.app */ = {isa = PBXFileReference; explicitFileType = wrapper.application; includeInIndex = 0; path = "Time Workers.app"; sourceTree = BUILT_PRODUCTS_DIR; };
		299D8D77245D62B40008BD8E /* AppDelegate.swift */ = {isa = PBXFileReference; lastKnownFileType = sourcecode.swift; path = AppDelegate.swift; sourceTree = "<group>"; };
		299D8D79245D62B40008BD8E /* SceneDelegate.swift */ = {isa = PBXFileReference; lastKnownFileType = sourcecode.swift; path = SceneDelegate.swift; sourceTree = "<group>"; };
		299D8D7B245D62B40008BD8E /* ViewController.swift */ = {isa = PBXFileReference; lastKnownFileType = sourcecode.swift; path = ViewController.swift; sourceTree = "<group>"; };
		299D8D7E245D62B40008BD8E /* Base */ = {isa = PBXFileReference; lastKnownFileType = file.storyboard; name = Base; path = Base.lproj/Main.storyboard; sourceTree = "<group>"; };
		299D8D81245D62B40008BD8E /* Time_Workers.xcdatamodel */ = {isa = PBXFileReference; lastKnownFileType = wrapper.xcdatamodel; path = Time_Workers.xcdatamodel; sourceTree = "<group>"; };
		299D8D83245D62B70008BD8E /* Assets.xcassets */ = {isa = PBXFileReference; lastKnownFileType = folder.assetcatalog; path = Assets.xcassets; sourceTree = "<group>"; };
		299D8D86245D62B70008BD8E /* Base */ = {isa = PBXFileReference; lastKnownFileType = file.storyboard; name = Base; path = Base.lproj/LaunchScreen.storyboard; sourceTree = "<group>"; };
		299D8D88245D62B70008BD8E /* Info.plist */ = {isa = PBXFileReference; lastKnownFileType = text.plist.xml; path = Info.plist; sourceTree = "<group>"; };
		299D8D8D245D62B70008BD8E /* Time WorkersTests.xctest */ = {isa = PBXFileReference; explicitFileType = wrapper.cfbundle; includeInIndex = 0; path = "Time WorkersTests.xctest"; sourceTree = BUILT_PRODUCTS_DIR; };
		299D8D91245D62B70008BD8E /* Time_WorkersTests.swift */ = {isa = PBXFileReference; lastKnownFileType = sourcecode.swift; path = Time_WorkersTests.swift; sourceTree = "<group>"; };
		299D8D93245D62B70008BD8E /* Info.plist */ = {isa = PBXFileReference; lastKnownFileType = text.plist.xml; path = Info.plist; sourceTree = "<group>"; };
		299D8D98245D62B70008BD8E /* Time WorkersUITests.xctest */ = {isa = PBXFileReference; explicitFileType = wrapper.cfbundle; includeInIndex = 0; path = "Time WorkersUITests.xctest"; sourceTree = BUILT_PRODUCTS_DIR; };
		299D8D9C245D62B70008BD8E /* Time_WorkersUITests.swift */ = {isa = PBXFileReference; lastKnownFileType = sourcecode.swift; path = Time_WorkersUITests.swift; sourceTree = "<group>"; };
		299D8D9E245D62B70008BD8E /* Info.plist */ = {isa = PBXFileReference; lastKnownFileType = text.plist.xml; path = Info.plist; sourceTree = "<group>"; };
/* End PBXFileReference section */

/* Begin PBXFrameworksBuildPhase section */
		299D8D71245D62B40008BD8E /* Frameworks */ = {
			isa = PBXFrameworksBuildPhase;
			buildActionMask = 2147483647;
			files = (
			);
			runOnlyForDeploymentPostprocessing = 0;
		};
		299D8D8A245D62B70008BD8E /* Frameworks */ = {
			isa = PBXFrameworksBuildPhase;
			buildActionMask = 2147483647;
			files = (
			);
			runOnlyForDeploymentPostprocessing = 0;
		};
		299D8D95245D62B70008BD8E /* Frameworks */ = {
			isa = PBXFrameworksBuildPhase;
			buildActionMask = 2147483647;
			files = (
			);
			runOnlyForDeploymentPostprocessing = 0;
		};
/* End PBXFrameworksBuildPhase section */

/* Begin PBXGroup section */
		299D8D6B245D62B40008BD8E = {
			isa = PBXGroup;
			children = (
				299D8D76245D62B40008BD8E /* Time Workers */,
				299D8D90245D62B70008BD8E /* Time WorkersTests */,
				299D8D9B245D62B70008BD8E /* Time WorkersUITests */,
				299D8D75245D62B40008BD8E /* Products */,
			);
			sourceTree = "<group>";
		};
		299D8D75245D62B40008BD8E /* Products */ = {
			isa = PBXGroup;
			children = (
				299D8D74245D62B40008BD8E /* Time Workers.app */,
				299D8D8D245D62B70008BD8E /* Time WorkersTests.xctest */,
				299D8D98245D62B70008BD8E /* Time WorkersUITests.xctest */,
			);
			name = Products;
			sourceTree = "<group>";
		};
		299D8D76245D62B40008BD8E /* Time Workers */ = {
			isa = PBXGroup;
			children = (
				299D8D77245D62B40008BD8E /* AppDelegate.swift */,
				299D8D79245D62B40008BD8E /* SceneDelegate.swift */,
				299D8D7B245D62B40008BD8E /* ViewController.swift */,
				299D8D7D245D62B40008BD8E /* Main.storyboard */,
				299D8D83245D62B70008BD8E /* Assets.xcassets */,
				299D8D85245D62B70008BD8E /* LaunchScreen.storyboard */,
				299D8D88245D62B70008BD8E /* Info.plist */,
				299D8D80245D62B40008BD8E /* Time_Workers.xcdatamodeld */,
			);
			path = "Time Workers";
			sourceTree = "<group>";
		};
		299D8D90245D62B70008BD8E /* Time WorkersTests */ = {
			isa = PBXGroup;
			children = (
				299D8D91245D62B70008BD8E /* Time_WorkersTests.swift */,
				299D8D93245D62B70008BD8E /* Info.plist */,
			);
			path = "Time WorkersTests";
			sourceTree = "<group>";
		};
		299D8D9B245D62B70008BD8E /* Time WorkersUITests */ = {
			isa = PBXGroup;
			children = (
				299D8D9C245D62B70008BD8E /* Time_WorkersUITests.swift */,
				299D8D9E245D62B70008BD8E /* Info.plist */,
			);
			path = "Time WorkersUITests";
			sourceTree = "<group>";
		};
/* End PBXGroup section */

/* Begin PBXNativeTarget section */
		299D8D73245D62B40008BD8E /* Time Workers */ = {
			isa = PBXNativeTarget;
			buildConfigurationList = 299D8DA1245D62B70008BD8E /* Build configuration list for PBXNativeTarget "Time Workers" */;
			buildPhases = (
				299D8D70245D62B40008BD8E /* Sources */,
				299D8D71245D62B40008BD8E /* Frameworks */,
				299D8D72245D62B40008BD8E /* Resources */,
			);
			buildRules = (
			);
			dependencies = (
			);
			name = "Time Workers";
			productName = "Time Workers";
			productReference = 299D8D74245D62B40008BD8E /* Time Workers.app */;
			productType = "com.apple.product-type.application";
		};
		299D8D8C245D62B70008BD8E /* Time WorkersTests */ = {
			isa = PBXNativeTarget;
			buildConfigurationList = 299D8DA4245D62B70008BD8E /* Build configuration list for PBXNativeTarget "Time WorkersTests" */;
			buildPhases = (
				299D8D89245D62B70008BD8E /* Sources */,
				299D8D8A245D62B70008BD8E /* Frameworks */,
				299D8D8B245D62B70008BD8E /* Resources */,
			);
			buildRules = (
			);
			dependencies = (
				299D8D8F245D62B70008BD8E /* PBXTargetDependency */,
			);
			name = "Time WorkersTests";
			productName = "Time WorkersTests";
			productReference = 299D8D8D245D62B70008BD8E /* Time WorkersTests.xctest */;
			productType = "com.apple.product-type.bundle.unit-test";
		};
		299D8D97245D62B70008BD8E /* Time WorkersUITests */ = {
			isa = PBXNativeTarget;
			buildConfigurationList = 299D8DA7245D62B70008BD8E /* Build configuration list for PBXNativeTarget "Time WorkersUITests" */;
			buildPhases = (
				299D8D94245D62B70008BD8E /* Sources */,
				299D8D95245D62B70008BD8E /* Frameworks */,
				299D8D96245D62B70008BD8E /* Resources */,
			);
			buildRules = (
			);
			dependencies = (
				299D8D9A245D62B70008BD8E /* PBXTargetDependency */,
			);
			name = "Time WorkersUITests";
			productName = "Time WorkersUITests";
			productReference = 299D8D98245D62B70008BD8E /* Time WorkersUITests.xctest */;
			productType = "com.apple.product-type.bundle.ui-testing";
		};
/* End PBXNativeTarget section */

/* Begin PBXProject section */
		299D8D6C245D62B40008BD8E /* Project object */ = {
			isa = PBXProject;
			attributes = {
				LastSwiftUpdateCheck = 1120;
				LastUpgradeCheck = 1120;
				ORGANIZATIONNAME = "Madushan Senavirathna";
				TargetAttributes = {
					299D8D73245D62B40008BD8E = {
						CreatedOnToolsVersion = 11.2;
					};
					299D8D8C245D62B70008BD8E = {
						CreatedOnToolsVersion = 11.2;
						TestTargetID = 299D8D73245D62B40008BD8E;
					};
					299D8D97245D62B70008BD8E = {
						CreatedOnToolsVersion = 11.2;
						TestTargetID = 299D8D73245D62B40008BD8E;
					};
				};
			};
			buildConfigurationList = 299D8D6F245D62B40008BD8E /* Build configuration list for PBXProject "Time Workers" */;
			compatibilityVersion = "Xcode 9.3";
			developmentRegion = en;
			hasScannedForEncodings = 0;
			knownRegions = (
				en,
				Base,
			);
			mainGroup = 299D8D6B245D62B40008BD8E;
			productRefGroup = 299D8D75245D62B40008BD8E /* Products */;
			projectDirPath = "";
			projectRoot = "";
			targets = (
				299D8D73245D62B40008BD8E /* Time Workers */,
				299D8D8C245D62B70008BD8E /* Time WorkersTests */,
				299D8D97245D62B70008BD8E /* Time WorkersUITests */,
			);
		};
/* End PBXProject section */

/* Begin PBXResourcesBuildPhase section */
		299D8D72245D62B40008BD8E /* Resources */ = {
			isa = PBXResourcesBuildPhase;
			buildActionMask = 2147483647;
			files = (
				299D8D87245D62B70008BD8E /* LaunchScreen.storyboard in Resources */,
				299D8D84245D62B70008BD8E /* Assets.xcassets in Resources */,
				299D8D7F245D62B40008BD8E /* Main.storyboard in Resources */,
			);
			runOnlyForDeploymentPostprocessing = 0;
		};
		299D8D8B245D62B70008BD8E /* Resources */ = {
			isa = PBXResourcesBuildPhase;
			buildActionMask = 2147483647;
			files = (
			);
			runOnlyForDeploymentPostprocessing = 0;
		};
		299D8D96245D62B70008BD8E /* Resources */ = {
			isa = PBXResourcesBuildPhase;
			buildActionMask = 2147483647;
			files = (
			);
			runOnlyForDeploymentPostprocessing = 0;
		};
/* End PBXResourcesBuildPhase section */

/* Begin PBXSourcesBuildPhase section */
		299D8D70245D62B40008BD8E /* Sources */ = {
			isa = PBXSourcesBuildPhase;
			buildActionMask = 2147483647;
			files = (
				299D8D82245D62B40008BD8E /* Time_Workers.xcdatamodeld in Sources */,
				299D8D7C245D62B40008BD8E /* ViewController.swift in Sources */,
				299D8D78245D62B40008BD8E /* AppDelegate.swift in Sources */,
				299D8D7A245D62B40008BD8E /* SceneDelegate.swift in Sources */,
			);
			runOnlyForDeploymentPostprocessing = 0;
		};
		299D8D89245D62B70008BD8E /* Sources */ = {
			isa = PBXSourcesBuildPhase;
			buildActionMask = 2147483647;
			files = (
				299D8D92245D62B70008BD8E /* Time_WorkersTests.swift in Sources */,
			);
			runOnlyForDeploymentPostprocessing = 0;
		};
		299D8D94245D62B70008BD8E /* Sources */ = {
			isa = PBXSourcesBuildPhase;
			buildActionMask = 2147483647;
			files = (
				299D8D9D245D62B70008BD8E /* Time_WorkersUITests.swift in Sources */,
			);
			runOnlyForDeploymentPostprocessing = 0;
		};
/* End PBXSourcesBuildPhase section */

/* Begin PBXTargetDependency section */
		299D8D8F245D62B70008BD8E /* PBXTargetDependency */ = {
			isa = PBXTargetDependency;
			target = 299D8D73245D62B40008BD8E /* Time Workers */;
			targetProxy = 299D8D8E245D62B70008BD8E /* PBXContainerItemProxy */;
		};
		299D8D9A245D62B70008BD8E /* PBXTargetDependency */ = {
			isa = PBXTargetDependency;
			target = 299D8D73245D62B40008BD8E /* Time Workers */;
			targetProxy = 299D8D99245D62B70008BD8E /* PBXContainerItemProxy */;
		};
/* End PBXTargetDependency section */

/* Begin PBXVariantGroup section */
		299D8D7D245D62B40008BD8E /* Main.storyboard */ = {
			isa = PBXVariantGroup;
			children = (
				299D8D7E245D62B40008BD8E /* Base */,
			);
			name = Main.storyboard;
			sourceTree = "<group>";
		};
		299D8D85245D62B70008BD8E /* LaunchScreen.storyboard */ = {
			isa = PBXVariantGroup;
			children = (
				299D8D86245D62B70008BD8E /* Base */,
			);
			name = LaunchScreen.storyboard;
			sourceTree = "<group>";
		};
/* End PBXVariantGroup section */

/* Begin XCBuildConfiguration section */
		299D8D9F245D62B70008BD8E /* Debug */ = {
			isa = XCBuildConfiguration;
			buildSettings = {
				ALWAYS_SEARCH_USER_PATHS = NO;
				CLANG_ANALYZER_NONNULL = YES;
				CLANG_ANALYZER_NUMBER_OBJECT_CONVERSION = YES_AGGRESSIVE;
				CLANG_CXX_LANGUAGE_STANDARD = "gnu++14";
				CLANG_CXX_LIBRARY = "libc++";
				CLANG_ENABLE_MODULES = YES;
				CLANG_ENABLE_OBJC_ARC = YES;
				CLANG_ENABLE_OBJC_WEAK = YES;
				CLANG_WARN_BLOCK_CAPTURE_AUTORELEASING = YES;
				CLANG_WARN_BOOL_CONVERSION = YES;
				CLANG_WARN_COMMA = YES;
				CLANG_WARN_CONSTANT_CONVERSION = YES;
				CLANG_WARN_DEPRECATED_OBJC_IMPLEMENTATIONS = YES;
				CLANG_WARN_DIRECT_OBJC_ISA_USAGE = YES_ERROR;
				CLANG_WARN_DOCUMENTATION_COMMENTS = YES;
				CLANG_WARN_EMPTY_BODY = YES;
				CLANG_WARN_ENUM_CONVERSION = YES;
				CLANG_WARN_INFINITE_RECURSION = YES;
				CLANG_WARN_INT_CONVERSION = YES;
				CLANG_WARN_NON_LITERAL_NULL_CONVERSION = YES;
				CLANG_WARN_OBJC_IMPLICIT_RETAIN_SELF = YES;
				CLANG_WARN_OBJC_LITERAL_CONVERSION = YES;
				CLANG_WARN_OBJC_ROOT_CLASS = YES_ERROR;
				CLANG_WARN_RANGE_LOOP_ANALYSIS = YES;
				CLANG_WARN_STRICT_PROTOTYPES = YES;
				CLANG_WARN_SUSPICIOUS_MOVE = YES;
				CLANG_WARN_UNGUARDED_AVAILABILITY = YES_AGGRESSIVE;
				CLANG_WARN_UNREACHABLE_CODE = YES;
				CLANG_WARN__DUPLICATE_METHOD_MATCH = YES;
				COPY_PHASE_STRIP = NO;
				DEBUG_INFORMATION_FORMAT = dwarf;
				ENABLE_STRICT_OBJC_MSGSEND = YES;
				ENABLE_TESTABILITY = YES;
				GCC_C_LANGUAGE_STANDARD = gnu11;
				GCC_DYNAMIC_NO_PIC = NO;
				GCC_NO_COMMON_BLOCKS = YES;
				GCC_OPTIMIZATION_LEVEL = 0;
				GCC_PREPROCESSOR_DEFINITIONS = (
					"DEBUG=1",
					"$(inherited)",
				);
				GCC_WARN_64_TO_32_BIT_CONVERSION = YES;
				GCC_WARN_ABOUT_RETURN_TYPE = YES_ERROR;
				GCC_WARN_UNDECLARED_SELECTOR = YES;
				GCC_WARN_UNINITIALIZED_AUTOS = YES_AGGRESSIVE;
				GCC_WARN_UNUSED_FUNCTION = YES;
				GCC_WARN_UNUSED_VARIABLE = YES;
				IPHONEOS_DEPLOYMENT_TARGET = 13.2;
				MTL_ENABLE_DEBUG_INFO = INCLUDE_SOURCE;
				MTL_FAST_MATH = YES;
				ONLY_ACTIVE_ARCH = YES;
				SDKROOT = iphoneos;
				SWIFT_ACTIVE_COMPILATION_CONDITIONS = DEBUG;
				SWIFT_OPTIMIZATION_LEVEL = "-Onone";
			};
			name = Debug;
		};
		299D8DA0245D62B70008BD8E /* Release */ = {
			isa = XCBuildConfiguration;
			buildSettings = {
				ALWAYS_SEARCH_USER_PATHS = NO;
				CLANG_ANALYZER_NONNULL = YES;
				CLANG_ANALYZER_NUMBER_OBJECT_CONVERSION = YES_AGGRESSIVE;
				CLANG_CXX_LANGUAGE_STANDARD = "gnu++14";
				CLANG_CXX_LIBRARY = "libc++";
				CLANG_ENABLE_MODULES = YES;
				CLANG_ENABLE_OBJC_ARC = YES;
				CLANG_ENABLE_OBJC_WEAK = YES;
				CLANG_WARN_BLOCK_CAPTURE_AUTORELEASING = YES;
				CLANG_WARN_BOOL_CONVERSION = YES;
				CLANG_WARN_COMMA = YES;
				CLANG_WARN_CONSTANT_CONVERSION = YES;
				CLANG_WARN_DEPRECATED_OBJC_IMPLEMENTATIONS = YES;
				CLANG_WARN_DIRECT_OBJC_ISA_USAGE = YES_ERROR;
				CLANG_WARN_DOCUMENTATION_COMMENTS = YES;
				CLANG_WARN_EMPTY_BODY = YES;
				CLANG_WARN_ENUM_CONVERSION = YES;
				CLANG_WARN_INFINITE_RECURSION = YES;
				CLANG_WARN_INT_CONVERSION = YES;
				CLANG_WARN_NON_LITERAL_NULL_CONVERSION = YES;
				CLANG_WARN_OBJC_IMPLICIT_RETAIN_SELF = YES;
				CLANG_WARN_OBJC_LITERAL_CONVERSION = YES;
				CLANG_WARN_OBJC_ROOT_CLASS = YES_ERROR;
				CLANG_WARN_RANGE_LOOP_ANALYSIS = YES;
				CLANG_WARN_STRICT_PROTOTYPES = YES;
				CLANG_WARN_SUSPICIOUS_MOVE = YES;
				CLANG_WARN_UNGUARDED_AVAILABILITY = YES_AGGRESSIVE;
				CLANG_WARN_UNREACHABLE_CODE = YES;
				CLANG_WARN__DUPLICATE_METHOD_MATCH = YES;
				COPY_PHASE_STRIP = NO;
				DEBUG_INFORMATION_FORMAT = "dwarf-with-dsym";
				ENABLE_NS_ASSERTIONS = NO;
				ENABLE_STRICT_OBJC_MSGSEND = YES;
				GCC_C_LANGUAGE_STANDARD = gnu11;
				GCC_NO_COMMON_BLOCKS = YES;
				GCC_WARN_64_TO_32_BIT_CONVERSION = YES;
				GCC_WARN_ABOUT_RETURN_TYPE = YES_ERROR;
				GCC_WARN_UNDECLARED_SELECTOR = YES;
				GCC_WARN_UNINITIALIZED_AUTOS = YES_AGGRESSIVE;
				GCC_WARN_UNUSED_FUNCTION = YES;
				GCC_WARN_UNUSED_VARIABLE = YES;
				IPHONEOS_DEPLOYMENT_TARGET = 13.2;
				MTL_ENABLE_DEBUG_INFO = NO;
				MTL_FAST_MATH = YES;
				SDKROOT = iphoneos;
				SWIFT_COMPILATION_MODE = wholemodule;
				SWIFT_OPTIMIZATION_LEVEL = "-O";
				VALIDATE_PRODUCT = YES;
			};
			name = Release;
		};
		299D8DA2245D62B70008BD8E /* Debug */ = {
			isa = XCBuildConfiguration;
			buildSettings = {
				ASSETCATALOG_COMPILER_APPICON_NAME = AppIcon;
				CODE_SIGN_STYLE = Automatic;
				DEVELOPMENT_TEAM = 348B6A9XT6;
				INFOPLIST_FILE = "Time Workers/Info.plist";
				LD_RUNPATH_SEARCH_PATHS = (
					"$(inherited)",
					"@executable_path/Frameworks",
				);
				PRODUCT_BUNDLE_IDENTIFIER = "com.time.workers.Time-Workers";
				PRODUCT_NAME = "$(TARGET_NAME)";
				SWIFT_VERSION = 5.0;
				TARGETED_DEVICE_FAMILY = "1,2";
			};
			name = Debug;
		};
		299D8DA3245D62B70008BD8E /* Release */ = {
			isa = XCBuildConfiguration;
			buildSettings = {
				ASSETCATALOG_COMPILER_APPICON_NAME = AppIcon;
				CODE_SIGN_STYLE = Automatic;
				DEVELOPMENT_TEAM = 348B6A9XT6;
				INFOPLIST_FILE = "Time Workers/Info.plist";
				LD_RUNPATH_SEARCH_PATHS = (
					"$(inherited)",
					"@executable_path/Frameworks",
				);
				PRODUCT_BUNDLE_IDENTIFIER = "com.time.workers.Time-Workers";
				PRODUCT_NAME = "$(TARGET_NAME)";
				SWIFT_VERSION = 5.0;
				TARGETED_DEVICE_FAMILY = "1,2";
			};
			name = Release;
		};
		299D8DA5245D62B70008BD8E /* Debug */ = {
			isa = XCBuildConfiguration;
			buildSettings = {
				ALWAYS_EMBED_SWIFT_STANDARD_LIBRARIES = YES;
				BUNDLE_LOADER = "$(TEST_HOST)";
				CODE_SIGN_STYLE = Automatic;
				DEVELOPMENT_TEAM = 348B6A9XT6;
				INFOPLIST_FILE = "Time WorkersTests/Info.plist";
				IPHONEOS_DEPLOYMENT_TARGET = 13.2;
				LD_RUNPATH_SEARCH_PATHS = (
					"$(inherited)",
					"@executable_path/Frameworks",
					"@loader_path/Frameworks",
				);
				PRODUCT_BUNDLE_IDENTIFIER = "com.time.workers.Time-WorkersTests";
				PRODUCT_NAME = "$(TARGET_NAME)";
				SWIFT_VERSION = 5.0;
				TARGETED_DEVICE_FAMILY = "1,2";
				TEST_HOST = "$(BUILT_PRODUCTS_DIR)/Time Workers.app/Time Workers";
			};
			name = Debug;
		};
		299D8DA6245D62B70008BD8E /* Release */ = {
			isa = XCBuildConfiguration;
			buildSettings = {
				ALWAYS_EMBED_SWIFT_STANDARD_LIBRARIES = YES;
				BUNDLE_LOADER = "$(TEST_HOST)";
				CODE_SIGN_STYLE = Automatic;
				DEVELOPMENT_TEAM = 348B6A9XT6;
				INFOPLIST_FILE = "Time WorkersTests/Info.plist";
				IPHONEOS_DEPLOYMENT_TARGET = 13.2;
				LD_RUNPATH_SEARCH_PATHS = (
					"$(inherited)",
					"@executable_path/Frameworks",
					"@loader_path/Frameworks",
				);
				PRODUCT_BUNDLE_IDENTIFIER = "com.time.workers.Time-WorkersTests";
				PRODUCT_NAME = "$(TARGET_NAME)";
				SWIFT_VERSION = 5.0;
				TARGETED_DEVICE_FAMILY = "1,2";
				TEST_HOST = "$(BUILT_PRODUCTS_DIR)/Time Workers.app/Time Workers";
			};
			name = Release;
		};
		299D8DA8245D62B70008BD8E /* Debug */ = {
			isa = XCBuildConfiguration;
			buildSettings = {
				ALWAYS_EMBED_SWIFT_STANDARD_LIBRARIES = YES;
				CODE_SIGN_STYLE = Automatic;
				DEVELOPMENT_TEAM = 348B6A9XT6;
				INFOPLIST_FILE = "Time WorkersUITests/Info.plist";
				LD_RUNPATH_SEARCH_PATHS = (
					"$(inherited)",
					"@executable_path/Frameworks",
					"@loader_path/Frameworks",
				);
				PRODUCT_BUNDLE_IDENTIFIER = "com.time.workers.Time-WorkersUITests";
				PRODUCT_NAME = "$(TARGET_NAME)";
				SWIFT_VERSION = 5.0;
				TARGETED_DEVICE_FAMILY = "1,2";
				TEST_TARGET_NAME = "Time Workers";
			};
			name = Debug;
		};
		299D8DA9245D62B70008BD8E /* Release */ = {
			isa = XCBuildConfiguration;
			buildSettings = {
				ALWAYS_EMBED_SWIFT_STANDARD_LIBRARIES = YES;
				CODE_SIGN_STYLE = Automatic;
				DEVELOPMENT_TEAM = 348B6A9XT6;
				INFOPLIST_FILE = "Time WorkersUITests/Info.plist";
				LD_RUNPATH_SEARCH_PATHS = (
					"$(inherited)",
					"@executable_path/Frameworks",
					"@loader_path/Frameworks",
				);
				PRODUCT_BUNDLE_IDENTIFIER = "com.time.workers.Time-WorkersUITests";
				PRODUCT_NAME = "$(TARGET_NAME)";
				SWIFT_VERSION = 5.0;
				TARGETED_DEVICE_FAMILY = "1,2";
				TEST_TARGET_NAME = "Time Workers";
			};
			name = Release;
		};
/* End XCBuildConfiguration section */

/* Begin XCConfigurationList section */
		299D8D6F245D62B40008BD8E /* Build configuration list for PBXProject "Time Workers" */ = {
			isa = XCConfigurationList;
			buildConfigurations = (
				299D8D9F245D62B70008BD8E /* Debug */,
				299D8DA0245D62B70008BD8E /* Release */,
			);
			defaultConfigurationIsVisible = 0;
			defaultConfigurationName = Release;
		};
		299D8DA1245D62B70008BD8E /* Build configuration list for PBXNativeTarget "Time Workers" */ = {
			isa = XCConfigurationList;
			buildConfigurations = (
				299D8DA2245D62B70008BD8E /* Debug */,
				299D8DA3245D62B70008BD8E /* Release */,
			);
			defaultConfigurationIsVisible = 0;
			defaultConfigurationName = Release;
		};
		299D8DA4245D62B70008BD8E /* Build configuration list for PBXNativeTarget "Time WorkersTests" */ = {
			isa = XCConfigurationList;
			buildConfigurations = (
				299D8DA5245D62B70008BD8E /* Debug */,
				299D8DA6245D62B70008BD8E /* Release */,
			);
			defaultConfigurationIsVisible = 0;
			defaultConfigurationName = Release;
		};
		299D8DA7245D62B70008BD8E /* Build configuration list for PBXNativeTarget "Time WorkersUITests" */ = {
			isa = XCConfigurationList;
			buildConfigurations = (
				299D8DA8245D62B70008BD8E /* Debug */,
				299D8DA9245D62B70008BD8E /* Release */,
			);
			defaultConfigurationIsVisible = 0;
			defaultConfigurationName = Release;
		};
/* End XCConfigurationList section */

/* Begin XCVersionGroup section */
		299D8D80245D62B40008BD8E /* Time_Workers.xcdatamodeld */ = {
			isa = XCVersionGroup;
			children = (
				299D8D81245D62B40008BD8E /* Time_Workers.xcdatamodel */,
			);
			currentVersion = 299D8D81245D62B40008BD8E /* Time_Workers.xcdatamodel */;
			path = Time_Workers.xcdatamodeld;
			sourceTree = "<group>";
			versionGroupType = wrapper.xcdatamodel;
		};
/* End XCVersionGroup section */
	};
	rootObject = 299D8D6C245D62B40008BD8E /* Project object */;
}
